
Microsoft Visual Studio Solution File, Format Version 12.00
# Visual Studio 14
VisualStudioVersion = 14.0.25420.1
MinimumVisualStudioVersion = 10.0.40219.1
Project("{2150E333-8FDC-42A3-9474-1A3956D46DE8}") = "src", "src", "{0CB0536F-E461-4945-8C26-B0FEF930158D}"
EndProject
Project("{2150E333-8FDC-42A3-9474-1A3956D46DE8}") = "Solution Items", "Solution Items", "{4F0BF139-0694-49BC-9847-2D29AF73C4F8}"
	ProjectSection(SolutionItems) = preProject
		global.json = global.json
	EndProjectSection
EndProject
Project("{8BB2217D-0F2D-49D1-97BC-3654ED321F3B}") = "DiscourseSso", "src\DiscourseSso\DiscourseSso.xproj", "{326E1CD0-E828-44D1-AC6A-99B9EB0138E7}"
EndProject
Global
	GlobalSection(SolutionConfigurationPlatforms) = preSolution
		Debug|Any CPU = Debug|Any CPU
		Release|Any CPU = Release|Any CPU
	EndGlobalSection
	GlobalSection(ProjectConfigurationPlatforms) = postSolution
		{326E1CD0-E828-44D1-AC6A-99B9EB0138E7}.Debug|Any CPU.ActiveCfg = Debug|Any CPU
		{326E1CD0-E828-44D1-AC6A-99B9EB0138E7}.Debug|Any CPU.Build.0 = Debug|Any CPU
		{326E1CD0-E828-44D1-AC6A-99B9EB0138E7}.Release|Any CPU.ActiveCfg = Release|Any CPU
		{326E1CD0-E828-44D1-AC6A-99B9EB0138E7}.Release|Any CPU.Build.0 = Release|Any CPU
	EndGlobalSection
	GlobalSection(SolutionProperties) = preSolution
		HideSolutionNode = FALSE
	EndGlobalSection
	GlobalSection(NestedProjects) = preSolution
		{326E1CD0-E828-44D1-AC6A-99B9EB0138E7} = {0CB0536F-E461-4945-8C26-B0FEF930158D}
	EndGlobalSection
EndGlobal
